
Microsoft Visual Studio Solution File, Format Version 12.00
# Visual Studio Version 17
VisualStudioVersion = 17.4.33213.308
MinimumVisualStudioVersion = 10.0.40219.1
Project("{FAE04EC0-301F-11D3-BF4B-00C04F79EFBC}") = "Deliverable(2)", "Deliverable(2)\Deliverable(2).csproj", "{317471B1-3D6D-4DBB-9EC5-A23993770C37}"
EndProject
Global
	GlobalSection(SolutionConfigurationPlatforms) = preSolution
		Debug|Any CPU = Debug|Any CPU
		Release|Any CPU = Release|Any CPU
	EndGlobalSection
	GlobalSection(ProjectConfigurationPlatforms) = postSolution
		{317471B1-3D6D-4DBB-9EC5-A23993770C37}.Debug|Any CPU.ActiveCfg = Debug|Any CPU
		{317471B1-3D6D-4DBB-9EC5-A23993770C37}.Debug|Any CPU.Build.0 = Debug|Any CPU
		{317471B1-3D6D-4DBB-9EC5-A23993770C37}.Release|Any CPU.ActiveCfg = Release|Any CPU
		{317471B1-3D6D-4DBB-9EC5-A23993770C37}.Release|Any CPU.Build.0 = Release|Any CPU
	EndGlobalSection
	GlobalSection(SolutionProperties) = preSolution
		HideSolutionNode = FALSE
	EndGlobalSection
	GlobalSection(ExtensibilityGlobals) = postSolution
		SolutionGuid = {AABFA913-02C4-44A1-8901-3F4B975B1AF7}
	EndGlobalSection
EndGlobal
